PODS:
  - Differentiator (4.0.1)
  - LZFluent (1.0.4)
  - LZUIKit (1.1.1):
    - LZUIKit/Core (= 1.1.1)
  - LZUIKit/Button (1.1.1)
  - LZUIKit/ControllerItem (1.1.1)
  - LZUIKit/Core (1.1.1):
    - LZUIKit/Button
    - LZUIKit/ControllerItem
    - LZUIKit/LoadingView
    - LZUIKit/OptionTextField
    - LZUIKit/TableViewEmptyMessage
    - LZUIKit/View
    - LZUIKit/ZoomViewer
  - LZUIKit/LoadingView (1.1.1)
  - LZUIKit/OptionTextField (1.1.1)
  - LZUIKit/TableViewEmptyMessage (1.1.1)
  - LZUIKit/View (1.1.1)
  - LZUIKit/ZoomViewer (1.1.1)
  - RxCocoa (5.1.3):
    - RxRelay (~> 5)
    - RxSwift (~> 5)
  - RxDataSources (4.0.1):
    - Differentiator (~> 4.0)
    - RxCocoa (~> 5.0)
    - RxSwift (~> 5.0)
  - RxRelay (5.1.3):
    - RxSwift (~> 5)
  - RxSwift (5.1.3)
  - UIViewAnimation (2.0.0)

DEPENDENCIES:
  - LZFluent (~> 1.0.4)
  - LZUIKit (~> 1.1.1)
  - RxCocoa (~> 5)
  - RxDataSources (~> 4.0.1)
  - RxSwift (~> 5)
  - UIViewAnimation (from `.`)

SPEC REPOS:
  trunk:
    - Differentiator
    - LZFluent
    - LZUIKit
    - RxCocoa
    - RxDataSources
    - RxRelay
    - RxSwift

EXTERNAL SOURCES:
  UIViewAnimation:
    :path: "."

SPEC CHECKSUMS:
  Differentiator: 886080237d9f87f322641dedbc5be257061b0602
  LZFluent: b6d7bc355a1f7d5475454e1308b24f4fecef5436
  LZUIKit: 5f75ef40bd65ffb16f9348793e3111c4d607f889
  RxCocoa: e2ed092d5432e4296aa818021d27de4090ac0354
  RxDataSources: efee07fa4de48477eca0a4611e6d11e2da9c1114
  RxRelay: 5a18c2eb2d68326ebaf0112f80d837ae41b92b97
  RxSwift: 915abbdfb62214aa89ccd0b194d44fb478019b27
  UIViewAnimation: d23e0af33d2924144d973b15f1fb70277b763cb7

PODFILE CHECKSUM: 4ac5899b7bdef650238309df26c554cc55dcf32e

COCOAPODS: 1.11.3
